PODS:
  - OCHamcrest (3.0.1)
  - OCMockito (1.2.0):
    - OCHamcrest (~> 3.0)
  - Straw (0.4.0)

DEPENDENCIES:
  - OCMockito
  - Straw (from `https://github.com/strawjs/straw-ios.git`, tag `v0.4.0`)

EXTERNAL SOURCES:
  Straw:
    :git: https://github.com/strawjs/straw-ios.git
    :tag: v0.4.0

SPEC CHECKSUMS:
  OCHamcrest: 207233b7d7a44dadd66aca398947cc7e029c9be5
  OCMockito: e4b9564b2b9165a143fd54a41dbfb55595699624
  Straw: 632beed57d30b909ae103640714dc7a4b92a95f1

COCOAPODS: 0.33.1
